// !$*UTF8*$!
{
	archiveVersion = 1;
	classes = {
	};
	objectVersion = 55;
	objects = {

/* Begin PBXBuildFile section */
		544E4B9227036D6800C25756 /* SwiftUI_01App.swift in Sources */ = {isa = PBXBuildFile; fileRef = 544E4B9127036D6800C25756 /* SwiftUI_01App.swift */; };
		544E4B9427036D6800C25756 /* ContentView.swift in Sources */ = {isa = PBXBuildFile; fileRef = 544E4B9327036D6800C25756 /* ContentView.swift */; };
		544E4B9627036D6A00C25756 /* Assets.xcassets in Resources */ = {isa = PBXBuildFile; fileRef = 544E4B9527036D6A00C25756 /* Assets.xcassets */; };
		544E4B9927036D6A00C25756 /* Preview Assets.xcassets in Resources */ = {isa = PBXBuildFile; fileRef = 544E4B9827036D6A00C25756 /* Preview Assets.xcassets */; };
		544E4BA327036D6A00C25756 /* SwiftUI_01Tests.swift in Sources */ = {isa = PBXBuildFile; fileRef = 544E4BA227036D6A00C25756 /* SwiftUI_01Tests.swift */; };
		544E4BAD27036D6A00C25756 /* SwiftUI_01UITests.swift in Sources */ = {isa = PBXBuildFile; fileRef = 544E4BAC27036D6A00C25756 /* SwiftUI_01UITests.swift */; };
		544E4BAF27036D6A00C25756 /* SwiftUI_01UITestsLaunchTests.swift in Sources */ = {isa = PBXBuildFile; fileRef = 544E4BAE27036D6A00C25756 /* SwiftUI_01UITestsLaunchTests.swift */; };
/* End PBXBuildFile section */

/* Begin PBXContainerItemProxy section */
		544E4B9F27036D6A00C25756 /* PBXContainerItemProxy */ = {
			isa = PBXContainerItemProxy;
			containerPortal = 544E4B8627036D6800C25756 /* Project object */;
			proxyType = 1;
			remoteGlobalIDString = 544E4B8D27036D6800C25756;
			remoteInfo = SwiftUI_01;
		};
		544E4BA927036D6A00C25756 /* PBXContainerItemProxy */ = {
			isa = PBXContainerItemProxy;
			containerPortal = 544E4B8627036D6800C25756 /* Project object */;
			proxyType = 1;
			remoteGlobalIDString = 544E4B8D27036D6800C25756;
			remoteInfo = SwiftUI_01;
		};
/* End PBXContainerItemProxy section */

/* Begin PBXFileReference section */
		544E4B8E27036D6800C25756 /* SwiftUI_01.app */ = {isa = PBXFileReference; explicitFileType = wrapper.application; includeInIndex = 0; path = SwiftUI_01.app; sourceTree = BUILT_PRODUCTS_DIR; };
		544E4B9127036D6800C25756 /* SwiftUI_01App.swift */ = {isa = PBXFileReference; lastKnownFileType = sourcecode.swift; path = SwiftUI_01App.swift; sourceTree = "<group>"; };
		544E4B9327036D6800C25756 /* ContentView.swift */ = {isa = PBXFileReference; lastKnownFileType = sourcecode.swift; path = ContentView.swift; sourceTree = "<group>"; };
		544E4B9527036D6A00C25756 /* Assets.xcassets */ = {isa = PBXFileReference; lastKnownFileType = folder.assetcatalog; path = Assets.xcassets; sourceTree = "<group>"; };
		544E4B9827036D6A00C25756 /* Preview Assets.xcassets */ = {isa = PBXFileReference; lastKnownFileType = folder.assetcatalog; path = "Preview Assets.xcassets"; sourceTree = "<group>"; };
		544E4B9E27036D6A00C25756 /* SwiftUI_01Tests.xctest */ = {isa = PBXFileReference; explicitFileType = wrapper.cfbundle; includeInIndex = 0; path = SwiftUI_01Tests.xctest; sourceTree = BUILT_PRODUCTS_DIR; };
		544E4BA227036D6A00C25756 /* SwiftUI_01Tests.swift */ = {isa = PBXFileReference; lastKnownFileType = sourcecode.swift; path = SwiftUI_01Tests.swift; sourceTree = "<group>"; };
		544E4BA827036D6A00C25756 /* SwiftUI_01UITests.xctest */ = {isa = PBXFileReference; explicitFileType = wrapper.cfbundle; includeInIndex = 0; path = SwiftUI_01UITests.xctest; sourceTree = BUILT_PRODUCTS_DIR; };
		544E4BAC27036D6A00C25756 /* SwiftUI_01UITests.swift */ = {isa = PBXFileReference; lastKnownFileType = sourcecode.swift; path = SwiftUI_01UITests.swift; sourceTree = "<group>"; };
		544E4BAE27036D6A00C25756 /* SwiftUI_01UITestsLaunchTests.swift */ = {isa = PBXFileReference; lastKnownFileType = sourcecode.swift; path = SwiftUI_01UITestsLaunchTests.swift; sourceTree = "<group>"; };
/* End PBXFileReference section */

/* Begin PBXFrameworksBuildPhase section */
		544E4B8B27036D6800C25756 /* Frameworks */ = {
			isa = PBXFrameworksBuildPhase;
			buildActionMask = 2147483647;
			files = (
			);
			runOnlyForDeploymentPostprocessing = 0;
		};
		544E4B9B27036D6A00C25756 /* Frameworks */ = {
			isa = PBXFrameworksBuildPhase;
			buildActionMask = 2147483647;
			files = (
			);
			runOnlyForDeploymentPostprocessing = 0;
		};
		544E4BA527036D6A00C25756 /* Frameworks */ = {
			isa = PBXFrameworksBuildPhase;
			buildActionMask = 2147483647;
			files = (
			);
			runOnlyForDeploymentPostprocessing = 0;
		};
/* End PBXFrameworksBuildPhase section */

/* Begin PBXGroup section */
		544E4B8527036D6800C25756 = {
			isa = PBXGroup;
			children = (
				544E4B9027036D6800C25756 /* SwiftUI_01 */,
				544E4BA127036D6A00C25756 /* SwiftUI_01Tests */,
				544E4BAB27036D6A00C25756 /* SwiftUI_01UITests */,
				544E4B8F27036D6800C25756 /* Products */,
			);
			sourceTree = "<group>";
		};
		544E4B8F27036D6800C25756 /* Products */ = {
			isa = PBXGroup;
			children = (
				544E4B8E27036D6800C25756 /* SwiftUI_01.app */,
				544E4B9E27036D6A00C25756 /* SwiftUI_01Tests.xctest */,
				544E4BA827036D6A00C25756 /* SwiftUI_01UITests.xctest */,
			);
			name = Products;
			sourceTree = "<group>";
		};
		544E4B9027036D6800C25756 /* SwiftUI_01 */ = {
			isa = PBXGroup;
			children = (
				544E4B9127036D6800C25756 /* SwiftUI_01App.swift */,
				544E4B9327036D6800C25756 /* ContentView.swift */,
				544E4B9527036D6A00C25756 /* Assets.xcassets */,
				544E4B9727036D6A00C25756 /* Preview Content */,
			);
			path = SwiftUI_01;
			sourceTree = "<group>";
		};
		544E4B9727036D6A00C25756 /* Preview Content */ = {
			isa = PBXGroup;
			children = (
				544E4B9827036D6A00C25756 /* Preview Assets.xcassets */,
			);
			path = "Preview Content";
			sourceTree = "<group>";
		};
		544E4BA127036D6A00C25756 /* SwiftUI_01Tests */ = {
			isa = PBXGroup;
			children = (
				544E4BA227036D6A00C25756 /* SwiftUI_01Tests.swift */,
			);
			path = SwiftUI_01Tests;
			sourceTree = "<group>";
		};
		544E4BAB27036D6A00C25756 /* SwiftUI_01UITests */ = {
			isa = PBXGroup;
			children = (
				544E4BAC27036D6A00C25756 /* SwiftUI_01UITests.swift */,
				544E4BAE27036D6A00C25756 /* SwiftUI_01UITestsLaunchTests.swift */,
			);
			path = SwiftUI_01UITests;
			sourceTree = "<group>";
		};
/* End PBXGroup section */

/* Begin PBXNativeTarget section */
		544E4B8D27036D6800C25756 /* SwiftUI_01 */ = {
			isa = PBXNativeTarget;
			buildConfigurationList = 544E4BB227036D6A00C25756 /* Build configuration list for PBXNativeTarget "SwiftUI_01" */;
			buildPhases = (
				544E4B8A27036D6800C25756 /* Sources */,
				544E4B8B27036D6800C25756 /* Frameworks */,
				544E4B8C27036D6800C25756 /* Resources */,
			);
			buildRules = (
			);
			dependencies = (
			);
			name = SwiftUI_01;
			productName = SwiftUI_01;
			productReference = 544E4B8E27036D6800C25756 /* SwiftUI_01.app */;
			productType = "com.apple.product-type.application";
		};
		544E4B9D27036D6A00C25756 /* SwiftUI_01Tests */ = {
			isa = PBXNativeTarget;
			buildConfigurationList = 544E4BB527036D6A00C25756 /* Build configuration list for PBXNativeTarget "SwiftUI_01Tests" */;
			buildPhases = (
				544E4B9A27036D6A00C25756 /* Sources */,
				544E4B9B27036D6A00C25756 /* Frameworks */,
				544E4B9C27036D6A00C25756 /* Resources */,
			);
			buildRules = (
			);
			dependencies = (
				544E4BA027036D6A00C25756 /* PBXTargetDependency */,
			);
			name = SwiftUI_01Tests;
			productName = SwiftUI_01Tests;
			productReference = 544E4B9E27036D6A00C25756 /* SwiftUI_01Tests.xctest */;
			productType = "com.apple.product-type.bundle.unit-test";
		};
		544E4BA727036D6A00C25756 /* SwiftUI_01UITests */ = {
			isa = PBXNativeTarget;
			buildConfigurationList = 544E4BB827036D6A00C25756 /* Build configuration list for PBXNativeTarget "SwiftUI_01UITests" */;
			buildPhases = (
				544E4BA427036D6A00C25756 /* Sources */,
				544E4BA527036D6A00C25756 /* Frameworks */,
				544E4BA627036D6A00C25756 /* Resources */,
			);
			buildRules = (
			);
			dependencies = (
				544E4BAA27036D6A00C25756 /* PBXTargetDependency */,
			);
			name = SwiftUI_01UITests;
			productName = SwiftUI_01UITests;
			productReference = 544E4BA827036D6A00C25756 /* SwiftUI_01UITests.xctest */;
			productType = "com.apple.product-type.bundle.ui-testing";
		};
/* End PBXNativeTarget section */

/* Begin PBXProject section */
		544E4B8627036D6800C25756 /* Project object */ = {
			isa = PBXProject;
			attributes = {
				BuildIndependentTargetsInParallel = 1;
				LastSwiftUpdateCheck = 1300;
				LastUpgradeCheck = 1300;
				TargetAttributes = {
					544E4B8D27036D6800C25756 = {
						CreatedOnToolsVersion = 13.0;
					};
					544E4B9D27036D6A00C25756 = {
						CreatedOnToolsVersion = 13.0;
						TestTargetID = 544E4B8D27036D6800C25756;
					};
					544E4BA727036D6A00C25756 = {
						CreatedOnToolsVersion = 13.0;
						TestTargetID = 544E4B8D27036D6800C25756;
					};
				};
			};
			buildConfigurationList = 544E4B8927036D6800C25756 /* Build configuration list for PBXProject "SwiftUI_01" */;
			compatibilityVersion = "Xcode 13.0";
			developmentRegion = en;
			hasScannedForEncodings = 0;
			knownRegions = (
				en,
				Base,
			);
			mainGroup = 544E4B8527036D6800C25756;
			productRefGroup = 544E4B8F27036D6800C25756 /* Products */;
			projectDirPath = "";
			projectRoot = "";
			targets = (
				544E4B8D27036D6800C25756 /* SwiftUI_01 */,
				544E4B9D27036D6A00C25756 /* SwiftUI_01Tests */,
				544E4BA727036D6A00C25756 /* SwiftUI_01UITests */,
			);
		};
/* End PBXProject section */

/* Begin PBXResourcesBuildPhase section */
		544E4B8C27036D6800C25756 /* Resources */ = {
			isa = PBXResourcesBuildPhase;
			buildActionMask = 2147483647;
			files = (
				544E4B9927036D6A00C25756 /* Preview Assets.xcassets in Resources */,
				544E4B9627036D6A00C25756 /* Assets.xcassets in Resources */,
			);
			runOnlyForDeploymentPostprocessing = 0;
		};
		544E4B9C27036D6A00C25756 /* Resources */ = {
			isa = PBXResourcesBuildPhase;
			buildActionMask = 2147483647;
			files = (
			);
			runOnlyForDeploymentPostprocessing = 0;
		};
		544E4BA627036D6A00C25756 /* Resources */ = {
			isa = PBXResourcesBuildPhase;
			buildActionMask = 2147483647;
			files = (
			);
			runOnlyForDeploymentPostprocessing = 0;
		};
/* End PBXResourcesBuildPhase section */

/* Begin PBXSourcesBuildPhase section */
		544E4B8A27036D6800C25756 /* Sources */ = {
			isa = PBXSourcesBuildPhase;
			buildActionMask = 2147483647;
			files = (
				544E4B9427036D6800C25756 /* ContentView.swift in Sources */,
				544E4B9227036D6800C25756 /* SwiftUI_01App.swift in Sources */,
			);
			runOnlyForDeploymentPostprocessing = 0;
		};
		544E4B9A27036D6A00C25756 /* Sources */ = {
			isa = PBXSourcesBuildPhase;
			buildActionMask = 2147483647;
			files = (
				544E4BA327036D6A00C25756 /* SwiftUI_01Tests.swift in Sources */,
			);
			runOnlyForDeploymentPostprocessing = 0;
		};
		544E4BA427036D6A00C25756 /* Sources */ = {
			isa = PBXSourcesBuildPhase;
			buildActionMask = 2147483647;
			files = (
				544E4BAD27036D6A00C25756 /* SwiftUI_01UITests.swift in Sources */,
				544E4BAF27036D6A00C25756 /* SwiftUI_01UITestsLaunchTests.swift in Sources */,
			);
			runOnlyForDeploymentPostprocessing = 0;
		};
/* End PBXSourcesBuildPhase section */

/* Begin PBXTargetDependency section */
		544E4BA027036D6A00C25756 /* PBXTargetDependency */ = {
			isa = PBXTargetDependency;
			target = 544E4B8D27036D6800C25756 /* SwiftUI_01 */;
			targetProxy = 544E4B9F27036D6A00C25756 /* PBXContainerItemProxy */;
		};
		544E4BAA27036D6A00C25756 /* PBXTargetDependency */ = {
			isa = PBXTargetDependency;
			target = 544E4B8D27036D6800C25756 /* SwiftUI_01 */;
			targetProxy = 544E4BA927036D6A00C25756 /* PBXContainerItemProxy */;
		};
/* End PBXTargetDependency section */

/* Begin XCBuildConfiguration section */
		544E4BB027036D6A00C25756 /* Debug */ = {
			isa = XCBuildConfiguration;
			buildSettings = {
				ALWAYS_SEARCH_USER_PATHS = NO;
				CLANG_ANALYZER_NONNULL = YES;
				CLANG_ANALYZER_NUMBER_OBJECT_CONVERSION = YES_AGGRESSIVE;
				CLANG_CXX_LANGUAGE_STANDARD = "gnu++17";
				CLANG_CXX_LIBRARY = "libc++";
				CLANG_ENABLE_MODULES = YES;
				CLANG_ENABLE_OBJC_ARC = YES;
				CLANG_ENABLE_OBJC_WEAK = YES;
				CLANG_WARN_BLOCK_CAPTURE_AUTORELEASING = YES;
				CLANG_WARN_BOOL_CONVERSION = YES;
				CLANG_WARN_COMMA = YES;
				CLANG_WARN_CONSTANT_CONVERSION = YES;
				CLANG_WARN_DEPRECATED_OBJC_IMPLEMENTATIONS = YES;
				CLANG_WARN_DIRECT_OBJC_ISA_USAGE = YES_ERROR;
				CLANG_WARN_DOCUMENTATION_COMMENTS = YES;
				CLANG_WARN_EMPTY_BODY = YES;
				CLANG_WARN_ENUM_CONVERSION = YES;
				CLANG_WARN_INFINITE_RECURSION = YES;
				CLANG_WARN_INT_CONVERSION = YES;
				CLANG_WARN_NON_LITERAL_NULL_CONVERSION = YES;
				CLANG_WARN_OBJC_IMPLICIT_RETAIN_SELF = YES;
				CLANG_WARN_OBJC_LITERAL_CONVERSION = YES;
				CLANG_WARN_OBJC_ROOT_CLASS = YES_ERROR;
				CLANG_WARN_QUOTED_INCLUDE_IN_FRAMEWORK_HEADER = YES;
				CLANG_WARN_RANGE_LOOP_ANALYSIS = YES;
				CLANG_WARN_STRICT_PROTOTYPES = YES;
				CLANG_WARN_SUSPICIOUS_MOVE = YES;
				CLANG_WARN_UNGUARDED_AVAILABILITY = YES_AGGRESSIVE;
				CLANG_WARN_UNREACHABLE_CODE = YES;
				CLANG_WARN__DUPLICATE_METHOD_MATCH = YES;
				COPY_PHASE_STRIP = NO;
				DEBUG_INFORMATION_FORMAT = dwarf;
				ENABLE_STRICT_OBJC_MSGSEND = YES;
				ENABLE_TESTABILITY = YES;
				GCC_C_LANGUAGE_STANDARD = gnu11;
				GCC_DYNAMIC_NO_PIC = NO;
				GCC_NO_COMMON_BLOCKS = YES;
				GCC_OPTIMIZATION_LEVEL = 0;
				GCC_PREPROCESSOR_DEFINITIONS = (
					"DEBUG=1",
					"$(inherited)",
				);
				GCC_WARN_64_TO_32_BIT_CONVERSION = YES;
				GCC_WARN_ABOUT_RETURN_TYPE = YES_ERROR;
				GCC_WARN_UNDECLARED_SELECTOR = YES;
				GCC_WARN_UNINITIALIZED_AUTOS = YES_AGGRESSIVE;
				GCC_WARN_UNUSED_FUNCTION = YES;
				GCC_WARN_UNUSED_VARIABLE = YES;
				IPHONEOS_DEPLOYMENT_TARGET = 15.0;
				MTL_ENABLE_DEBUG_INFO = INCLUDE_SOURCE;
				MTL_FAST_MATH = YES;
				ONLY_ACTIVE_ARCH = YES;
				SDKROOT = iphoneos;
				SWIFT_ACTIVE_COMPILATION_CONDITIONS = DEBUG;
				SWIFT_OPTIMIZATION_LEVEL = "-Onone";
			};
			name = Debug;
		};
		544E4BB127036D6A00C25756 /* Release */ = {
			isa = XCBuildConfiguration;
			buildSettings = {
				ALWAYS_SEARCH_USER_PATHS = NO;
				CLANG_ANALYZER_NONNULL = YES;
				CLANG_ANALYZER_NUMBER_OBJECT_CONVERSION = YES_AGGRESSIVE;
				CLANG_CXX_LANGUAGE_STANDARD = "gnu++17";
				CLANG_CXX_LIBRARY = "libc++";
				CLANG_ENABLE_MODULES = YES;
				CLANG_ENABLE_OBJC_ARC = YES;
				CLANG_ENABLE_OBJC_WEAK = YES;
				CLANG_WARN_BLOCK_CAPTURE_AUTORELEASING = YES;
				CLANG_WARN_BOOL_CONVERSION = YES;
				CLANG_WARN_COMMA = YES;
				CLANG_WARN_CONSTANT_CONVERSION = YES;
				CLANG_WARN_DEPRECATED_OBJC_IMPLEMENTATIONS = YES;
				CLANG_WARN_DIRECT_OBJC_ISA_USAGE = YES_ERROR;
				CLANG_WARN_DOCUMENTATION_COMMENTS = YES;
				CLANG_WARN_EMPTY_BODY = YES;
				CLANG_WARN_ENUM_CONVERSION = YES;
				CLANG_WARN_INFINITE_RECURSION = YES;
				CLANG_WARN_INT_CONVERSION = YES;
				CLANG_WARN_NON_LITERAL_NULL_CONVERSION = YES;
				CLANG_WARN_OBJC_IMPLICIT_RETAIN_SELF = YES;
				CLANG_WARN_OBJC_LITERAL_CONVERSION = YES;
				CLANG_WARN_OBJC_ROOT_CLASS = YES_ERROR;
				CLANG_WARN_QUOTED_INCLUDE_IN_FRAMEWORK_HEADER = YES;
				CLANG_WARN_RANGE_LOOP_ANALYSIS = YES;
				CLANG_WARN_STRICT_PROTOTYPES = YES;
				CLANG_WARN_SUSPICIOUS_MOVE = YES;
				CLANG_WARN_UNGUARDED_AVAILABILITY = YES_AGGRESSIVE;
				CLANG_WARN_UNREACHABLE_CODE = YES;
				CLANG_WARN__DUPLICATE_METHOD_MATCH = YES;
				COPY_PHASE_STRIP = NO;
				DEBUG_INFORMATION_FORMAT = "dwarf-with-dsym";
				ENABLE_NS_ASSERTIONS = NO;
				ENABLE_STRICT_OBJC_MSGSEND = YES;
				GCC_C_LANGUAGE_STANDARD = gnu11;
				GCC_NO_COMMON_BLOCKS = YES;
				GCC_WARN_64_TO_32_BIT_CONVERSION = YES;
				GCC_WARN_ABOUT_RETURN_TYPE = YES_ERROR;
				GCC_WARN_UNDECLARED_SELECTOR = YES;
				GCC_WARN_UNINITIALIZED_AUTOS = YES_AGGRESSIVE;
				GCC_WARN_UNUSED_FUNCTION = YES;
				GCC_WARN_UNUSED_VARIABLE = YES;
				IPHONEOS_DEPLOYMENT_TARGET = 15.0;
				MTL_ENABLE_DEBUG_INFO = NO;
				MTL_FAST_MATH = YES;
				SDKROOT = iphoneos;
				SWIFT_COMPILATION_MODE = wholemodule;
				SWIFT_OPTIMIZATION_LEVEL = "-O";
				VALIDATE_PRODUCT = YES;
			};
			name = Release;
		};
		544E4BB327036D6A00C25756 /* Debug */ = {
			isa = XCBuildConfiguration;
			buildSettings = {
				ASSETCATALOG_COMPILER_APPICON_NAME = AppIcon;
				ASSETCATALOG_COMPILER_GLOBAL_ACCENT_COLOR_NAME = AccentColor;
				CODE_SIGN_STYLE = Automatic;
				CURRENT_PROJECT_VERSION = 1;
				DEVELOPMENT_ASSET_PATHS = "\"SwiftUI_01/Preview Content\"";
				DEVELOPMENT_TEAM = CV8G3J2V83;
				ENABLE_PREVIEWS = YES;
				GENERATE_INFOPLIST_FILE = YES;
				INFOPLIST_KEY_UIApplicationSceneManifest_Generation = YES;
				INFOPLIST_KEY_UIApplicationSupportsIndirectInputEvents = YES;
				INFOPLIST_KEY_UILaunchScreen_Generation = YES;
				INFOPLIST_KEY_UISupportedInterfaceOrientations_iPad = "UIInterfaceOrientationPortrait UIInterfaceOrientationPortraitUpsideDown UIInterfaceOrientationLandscapeLeft UIInterfaceOrientationLandscapeRight";
				INFOPLIST_KEY_UISupportedInterfaceOrientations_iPhone = "UIInterfaceOrientationPortrait UIInterfaceOrientationLandscapeLeft UIInterfaceOrientationLandscapeRight";
				IPHONEOS_DEPLOYMENT_TARGET = 14.0;
				LD_RUNPATH_SEARCH_PATHS = (
					"$(inherited)",
					"@executable_path/Frameworks",
				);
				MARKETING_VERSION = 1.0;
				PRODUCT_BUNDLE_IDENTIFIER = "com.ponponboy.SwiftUI-01";
				PRODUCT_NAME = "$(TARGET_NAME)";
				SWIFT_EMIT_LOC_STRINGS = YES;
				SWIFT_VERSION = 5.0;
				TARGETED_DEVICE_FAMILY = "1,2";
			};
			name = Debug;
		};
		544E4BB427036D6A00C25756 /* Release */ = {
			isa = XCBuildConfiguration;
			buildSettings = {
				ASSETCATALOG_COMPILER_APPICON_NAME = AppIcon;
				ASSETCATALOG_COMPILER_GLOBAL_ACCENT_COLOR_NAME = AccentColor;
				CODE_SIGN_STYLE = Automatic;
				CURRENT_PROJECT_VERSION = 1;
				DEVELOPMENT_ASSET_PATHS = "\"SwiftUI_01/Preview Content\"";
				DEVELOPMENT_TEAM = CV8G3J2V83;
				ENABLE_PREVIEWS = YES;
				GENERATE_INFOPLIST_FILE = YES;
				INFOPLIST_KEY_UIApplicationSceneManifest_Generation = YES;
				INFOPLIST_KEY_UIApplicationSupportsIndirectInputEvents = YES;
				INFOPLIST_KEY_UILaunchScreen_Generation = YES;
				INFOPLIST_KEY_UISupportedInterfaceOrientations_iPad = "UIInterfaceOrientationPortrait UIInterfaceOrientationPortraitUpsideDown UIInterfaceOrientationLandscapeLeft UIInterfaceOrientationLandscapeRight";
				INFOPLIST_KEY_UISupportedInterfaceOrientations_iPhone = "UIInterfaceOrientationPortrait UIInterfaceOrientationLandscapeLeft UIInterfaceOrientationLandscapeRight";
				IPHONEOS_DEPLOYMENT_TARGET = 14.0;
				LD_RUNPATH_SEARCH_PATHS = (
					"$(inherited)",
					"@executable_path/Frameworks",
				);
				MARKETING_VERSION = 1.0;
				PRODUCT_BUNDLE_IDENTIFIER = "com.ponponboy.SwiftUI-01";
				PRODUCT_NAME = "$(TARGET_NAME)";
				SWIFT_EMIT_LOC_STRINGS = YES;
				SWIFT_VERSION = 5.0;
				TARGETED_DEVICE_FAMILY = "1,2";
			};
			name = Release;
		};
		544E4BB627036D6A00C25756 /* Debug */ = {
			isa = XCBuildConfiguration;
			buildSettings = {
				ALWAYS_EMBED_SWIFT_STANDARD_LIBRARIES = YES;
				BUNDLE_LOADER = "$(TEST_HOST)";
				CODE_SIGN_STYLE = Automatic;
				CURRENT_PROJECT_VERSION = 1;
				DEVELOPMENT_TEAM = CV8G3J2V83;
				GENERATE_INFOPLIST_FILE = YES;
				IPHONEOS_DEPLOYMENT_TARGET = 14.0;
				LD_RUNPATH_SEARCH_PATHS = (
					"$(inherited)",
					"@executable_path/Frameworks",
					"@loader_path/Frameworks",
				);
				MARKETING_VERSION = 1.0;
				PRODUCT_BUNDLE_IDENTIFIER = "com.ponponboy.SwiftUI-01Tests";
				PRODUCT_NAME = "$(TARGET_NAME)";
				SWIFT_EMIT_LOC_STRINGS = NO;
				SWIFT_VERSION = 5.0;
				TARGETED_DEVICE_FAMILY = "1,2";
				TEST_HOST = "$(BUILT_PRODUCTS_DIR)/SwiftUI_01.app/SwiftUI_01";
			};
			name = Debug;
		};
		544E4BB727036D6A00C25756 /* Release */ = {
			isa = XCBuildConfiguration;
			buildSettings = {
				ALWAYS_EMBED_SWIFT_STANDARD_LIBRARIES = YES;
				BUNDLE_LOADER = "$(TEST_HOST)";
				CODE_SIGN_STYLE = Automatic;
				CURRENT_PROJECT_VERSION = 1;
				DEVELOPMENT_TEAM = CV8G3J2V83;
				GENERATE_INFOPLIST_FILE = YES;
				IPHONEOS_DEPLOYMENT_TARGET = 14.0;
				LD_RUNPATH_SEARCH_PATHS = (
					"$(inherited)",
					"@executable_path/Frameworks",
					"@loader_path/Frameworks",
				);
				MARKETING_VERSION = 1.0;
				PRODUCT_BUNDLE_IDENTIFIER = "com.ponponboy.SwiftUI-01Tests";
				PRODUCT_NAME = "$(TARGET_NAME)";
				SWIFT_EMIT_LOC_STRINGS = NO;
				SWIFT_VERSION = 5.0;
				TARGETED_DEVICE_FAMILY = "1,2";
				TEST_HOST = "$(BUILT_PRODUCTS_DIR)/SwiftUI_01.app/SwiftUI_01";
			};
			name = Release;
		};
		544E4BB927036D6A00C25756 /* Debug */ = {
			isa = XCBuildConfiguration;
			buildSettings = {
				ALWAYS_EMBED_SWIFT_STANDARD_LIBRARIES = YES;
				CODE_SIGN_STYLE = Automatic;
				CURRENT_PROJECT_VERSION = 1;
				DEVELOPMENT_TEAM = CV8G3J2V83;
				GENERATE_INFOPLIST_FILE = YES;
				LD_RUNPATH_SEARCH_PATHS = (
					"$(inherited)",
					"@executable_path/Frameworks",
					"@loader_path/Frameworks",
				);
				MARKETING_VERSION = 1.0;
				PRODUCT_BUNDLE_IDENTIFIER = "com.ponponboy.SwiftUI-01UITests";
				PRODUCT_NAME = "$(TARGET_NAME)";
				SWIFT_EMIT_LOC_STRINGS = NO;
				SWIFT_VERSION = 5.0;
				TARGETED_DEVICE_FAMILY = "1,2";
				TEST_TARGET_NAME = SwiftUI_01;
			};
			name = Debug;
		};
		544E4BBA27036D6A00C25756 /* Release */ = {
			isa = XCBuildConfiguration;
			buildSettings = {
				ALWAYS_EMBED_SWIFT_STANDARD_LIBRARIES = YES;
				CODE_SIGN_STYLE = Automatic;
				CURRENT_PROJECT_VERSION = 1;
				DEVELOPMENT_TEAM = CV8G3J2V83;
				GENERATE_INFOPLIST_FILE = YES;
				LD_RUNPATH_SEARCH_PATHS = (
					"$(inherited)",
					"@executable_path/Frameworks",
					"@loader_path/Frameworks",
				);
				MARKETING_VERSION = 1.0;
				PRODUCT_BUNDLE_IDENTIFIER = "com.ponponboy.SwiftUI-01UITests";
				PRODUCT_NAME = "$(TARGET_NAME)";
				SWIFT_EMIT_LOC_STRINGS = NO;
				SWIFT_VERSION = 5.0;
				TARGETED_DEVICE_FAMILY = "1,2";
				TEST_TARGET_NAME = SwiftUI_01;
			};
			name = Release;
		};
/* End XCBuildConfiguration section */

/* Begin XCConfigurationList section */
		544E4B8927036D6800C25756 /* Build configuration list for PBXProject "SwiftUI_01" */ = {
			isa = XCConfigurationList;
			buildConfigurations = (
				544E4BB027036D6A00C25756 /* Debug */,
				544E4BB127036D6A00C25756 /* Release */,
			);
			defaultConfigurationIsVisible = 0;
			defaultConfigurationName = Release;
		};
		544E4BB227036D6A00C25756 /* Build configuration list for PBXNativeTarget "SwiftUI_01" */ = {
			isa = XCConfigurationList;
			buildConfigurations = (
				544E4BB327036D6A00C25756 /* Debug */,
				544E4BB427036D6A00C25756 /* Release */,
			);
			defaultConfigurationIsVisible = 0;
			defaultConfigurationName = Release;
		};
		544E4BB527036D6A00C25756 /* Build configuration list for PBXNativeTarget "SwiftUI_01Tests" */ = {
			isa = XCConfigurationList;
			buildConfigurations = (
				544E4BB627036D6A00C25756 /* Debug */,
				544E4BB727036D6A00C25756 /* Release */,
			);
			defaultConfigurationIsVisible = 0;
			defaultConfigurationName = Release;
		};
		544E4BB827036D6A00C25756 /* Build configuration list for PBXNativeTarget "SwiftUI_01UITests" */ = {
			isa = XCConfigurationList;
			buildConfigurations = (
				544E4BB927036D6A00C25756 /* Debug */,
				544E4BBA27036D6A00C25756 /* Release */,
			);
			defaultConfigurationIsVisible = 0;
			defaultConfigurationName = Release;
		};
/* End XCConfigurationList section */
	};
	rootObject = 544E4B8627036D6800C25756 /* Project object */;
}
